
Microsoft Visual Studio Solution File, Format Version 12.00
# Visual Studio Version 17
VisualStudioVersion = 17.1.32421.90
MinimumVisualStudioVersion = 10.0.40219.1
Project("{FAE04EC0-301F-11D3-BF4B-00C04F79EFBC}") = "actividad2.8", "actividad2.8.csproj", "{A2D20B85-5386-4A4E-83C5-40E7F1B5C918}"
EndProject
Project("{2150E333-8FDC-42A3-9474-1A3956D46DE8}") = "Solution Items", "Solution Items", "{02EBB9EF-E541-44AB-9878-3294EF43CBD5}"
	ProjectSection(SolutionItems) = preProject
		.editorconfig = .editorconfig
	EndProjectSection
EndProject
Global
	GlobalSection(SolutionConfigurationPlatforms) = preSolution
		Debug|Any CPU = Debug|Any CPU
		Release|Any CPU = Release|Any CPU
	EndGlobalSection
	GlobalSection(ProjectConfigurationPlatforms) = postSolution
		{A2D20B85-5386-4A4E-83C5-40E7F1B5C918}.Debug|Any CPU.ActiveCfg = Debug|Any CPU
		{A2D20B85-5386-4A4E-83C5-40E7F1B5C918}.Debug|Any CPU.Build.0 = Debug|Any CPU
		{A2D20B85-5386-4A4E-83C5-40E7F1B5C918}.Release|Any CPU.ActiveCfg = Release|Any CPU
		{A2D20B85-5386-4A4E-83C5-40E7F1B5C918}.Release|Any CPU.Build.0 = Release|Any CPU
	EndGlobalSection
	GlobalSection(SolutionProperties) = preSolution
		HideSolutionNode = FALSE
	EndGlobalSection
	GlobalSection(ExtensibilityGlobals) = postSolution
		SolutionGuid = {6A984B32-6A1A-48E0-989F-0F13B57B50F5}
	EndGlobalSection
EndGlobal
